
Microsoft Visual Studio Solution File, Format Version 12.00
# Visual Studio Version 17
VisualStudioVersion = 17.0.31903.59
MinimumVisualStudioVersion = 10.0.40219.1
Project("{2150E333-8FDC-42A3-9474-1A3956D46DE8}") = "src", "src", "{827E0CD3-B72D-47B6-A68D-7590B98EB39B}"
EndProject
Project("{FAE04EC0-301F-11D3-BF4B-00C04F79EFBC}") = "ReleaseHub.Api", "src\ReleaseHub.Api\ReleaseHub.Api.csproj", "{BEA5BD70-DAC3-470A-BDEC-FBFA3A18ABB3}"
EndProject
Project("{FAE04EC0-301F-11D3-BF4B-00C04F79EFBC}") = "ReleaseHub.Application", "src\ReleaseHub.Application\ReleaseHub.Application.csproj", "{76145360-1F8E-4D66-8FFE-FB95993091B5}"
EndProject
Project("{FAE04EC0-301F-11D3-BF4B-00C04F79EFBC}") = "ReleaseHub.Domain", "src\ReleaseHub.Domain\ReleaseHub.Domain.csproj", "{CBC96266-6A70-4CE1-81E8-A323128DECD7}"
EndProject
Project("{FAE04EC0-301F-11D3-BF4B-00C04F79EFBC}") = "ReleaseHub.Infrastructure", "src\ReleaseHub.Infrastructure\ReleaseHub.Infrastructure.csproj", "{9D593AA5-B83C-4B5B-B4F7-5674009F9A99}"
EndProject
Project("{2150E333-8FDC-42A3-9474-1A3956D46DE8}") = "tests", "tests", "{0AB3BF05-4346-4AA6-1389-037BE0695223}"
EndProject
Project("{FAE04EC0-301F-11D3-BF4B-00C04F79EFBC}") = "ReleaseHub.Tests.Unit", "tests\ReleaseHub.Tests.Unit\ReleaseHub.Tests.Unit.csproj", "{6C7A1DD2-3CB0-4993-921F-6DEF010449F7}"
EndProject
Project("{FAE04EC0-301F-11D3-BF4B-00C04F79EFBC}") = "ReleaseHub.Tests.Integration", "tests\ReleaseHub.Tests.Integration\ReleaseHub.Tests.Integration.csproj", "{A7E5AE3E-099B-41F9-BDE2-E950F21E47D7}"
EndProject
Global
	GlobalSection(SolutionConfigurationPlatforms) = preSolution
		Debug|Any CPU = Debug|Any CPU
		Debug|x64 = Debug|x64
		Debug|x86 = Debug|x86
		Release|Any CPU = Release|Any CPU
		Release|x64 = Release|x64
		Release|x86 = Release|x86
	EndGlobalSection
	GlobalSection(ProjectConfigurationPlatforms) = postSolution
		{BEA5BD70-DAC3-470A-BDEC-FBFA3A18ABB3}.Debug|Any CPU.ActiveCfg = Debug|Any CPU
		{BEA5BD70-DAC3-470A-BDEC-FBFA3A18ABB3}.Debug|Any CPU.Build.0 = Debug|Any CPU
		{BEA5BD70-DAC3-470A-BDEC-FBFA3A18ABB3}.Debug|x64.ActiveCfg = Debug|Any CPU
		{BEA5BD70-DAC3-470A-BDEC-FBFA3A18ABB3}.Debug|x64.Build.0 = Debug|Any CPU
		{BEA5BD70-DAC3-470A-BDEC-FBFA3A18ABB3}.Debug|x86.ActiveCfg = Debug|Any CPU
		{BEA5BD70-DAC3-470A-BDEC-FBFA3A18ABB3}.Debug|x86.Build.0 = Debug|Any CPU
		{BEA5BD70-DAC3-470A-BDEC-FBFA3A18ABB3}.Release|Any CPU.ActiveCfg = Release|Any CPU
		{BEA5BD70-DAC3-470A-BDEC-FBFA3A18ABB3}.Release|Any CPU.Build.0 = Release|Any CPU
		{BEA5BD70-DAC3-470A-BDEC-FBFA3A18ABB3}.Release|x64.ActiveCfg = Release|Any CPU
		{BEA5BD70-DAC3-470A-BDEC-FBFA3A18ABB3}.Release|x64.Build.0 = Release|Any CPU
		{BEA5BD70-DAC3-470A-BDEC-FBFA3A18ABB3}.Release|x86.ActiveCfg = Release|Any CPU
		{BEA5BD70-DAC3-470A-BDEC-FBFA3A18ABB3}.Release|x86.Build.0 = Release|Any CPU
		{76145360-1F8E-4D66-8FFE-FB95993091B5}.Debug|Any CPU.ActiveCfg = Debug|Any CPU
		{76145360-1F8E-4D66-8FFE-FB95993091B5}.Debug|Any CPU.Build.0 = Debug|Any CPU
		{76145360-1F8E-4D66-8FFE-FB95993091B5}.Debug|x64.ActiveCfg = Debug|Any CPU
		{76145360-1F8E-4D66-8FFE-FB95993091B5}.Debug|x64.Build.0 = Debug|Any CPU
		{76145360-1F8E-4D66-8FFE-FB95993091B5}.Debug|x86.ActiveCfg = Debug|Any CPU
		{76145360-1F8E-4D66-8FFE-FB95993091B5}.Debug|x86.Build.0 = Debug|Any CPU
		{76145360-1F8E-4D66-8FFE-FB95993091B5}.Release|Any CPU.ActiveCfg = Release|Any CPU
		{76145360-1F8E-4D66-8FFE-FB95993091B5}.Release|Any CPU.Build.0 = Release|Any CPU
		{76145360-1F8E-4D66-8FFE-FB95993091B5}.Release|x64.ActiveCfg = Release|Any CPU
		{76145360-1F8E-4D66-8FFE-FB95993091B5}.Release|x64.Build.0 = Release|Any CPU
		{76145360-1F8E-4D66-8FFE-FB95993091B5}.Release|x86.ActiveCfg = Release|Any CPU
		{76145360-1F8E-4D66-8FFE-FB95993091B5}.Release|x86.Build.0 = Release|Any CPU
		{CBC96266-6A70-4CE1-81E8-A323128DECD7}.Debug|Any CPU.ActiveCfg = Debug|Any CPU
		{CBC96266-6A70-4CE1-81E8-A323128DECD7}.Debug|Any CPU.Build.0 = Debug|Any CPU
		{CBC96266-6A70-4CE1-81E8-A323128DECD7}.Debug|x64.ActiveCfg = Debug|Any CPU
		{CBC96266-6A70-4CE1-81E8-A323128DECD7}.Debug|x64.Build.0 = Debug|Any CPU
		{CBC96266-6A70-4CE1-81E8-A323128DECD7}.Debug|x86.ActiveCfg = Debug|Any CPU
		{CBC96266-6A70-4CE1-81E8-A323128DECD7}.Debug|x86.Build.0 = Debug|Any CPU
		{CBC96266-6A70-4CE1-81E8-A323128DECD7}.Release|Any CPU.ActiveCfg = Release|Any CPU
		{CBC96266-6A70-4CE1-81E8-A323128DECD7}.Release|Any CPU.Build.0 = Release|Any CPU
		{CBC96266-6A70-4CE1-81E8-A323128DECD7}.Release|x64.ActiveCfg = Release|Any CPU
		{CBC96266-6A70-4CE1-81E8-A323128DECD7}.Release|x64.Build.0 = Release|Any CPU
		{CBC96266-6A70-4CE1-81E8-A323128DECD7}.Release|x86.ActiveCfg = Release|Any CPU
		{CBC96266-6A70-4CE1-81E8-A323128DECD7}.Release|x86.Build.0 = Release|Any CPU
		{9D593AA5-B83C-4B5B-B4F7-5674009F9A99}.Debug|Any CPU.ActiveCfg = Debug|Any CPU
		{9D593AA5-B83C-4B5B-B4F7-5674009F9A99}.Debug|Any CPU.Build.0 = Debug|Any CPU
		{9D593AA5-B83C-4B5B-B4F7-5674009F9A99}.Debug|x64.ActiveCfg = Debug|Any CPU
		{9D593AA5-B83C-4B5B-B4F7-5674009F9A99}.Debug|x64.Build.0 = Debug|Any CPU
		{9D593AA5-B83C-4B5B-B4F7-5674009F9A99}.Debug|x86.ActiveCfg = Debug|Any CPU
		{9D593AA5-B83C-4B5B-B4F7-5674009F9A99}.Debug|x86.Build.0 = Debug|Any CPU
		{9D593AA5-B83C-4B5B-B4F7-5674009F9A99}.Release|Any CPU.ActiveCfg = Release|Any CPU
		{9D593AA5-B83C-4B5B-B4F7-5674009F9A99}.Release|Any CPU.Build.0 = Release|Any CPU
		{9D593AA5-B83C-4B5B-B4F7-5674009F9A99}.Release|x64.ActiveCfg = Release|Any CPU
		{9D593AA5-B83C-4B5B-B4F7-5674009F9A99}.Release|x64.Build.0 = Release|Any CPU
		{9D593AA5-B83C-4B5B-B4F7-5674009F9A99}.Release|x86.ActiveCfg = Release|Any CPU
		{9D593AA5-B83C-4B5B-B4F7-5674009F9A99}.Release|x86.Build.0 = Release|Any CPU
		{6C7A1DD2-3CB0-4993-921F-6DEF010449F7}.Debug|Any CPU.ActiveCfg = Debug|Any CPU
		{6C7A1DD2-3CB0-4993-921F-6DEF010449F7}.Debug|Any CPU.Build.0 = Debug|Any CPU
		{6C7A1DD2-3CB0-4993-921F-6DEF010449F7}.Debug|x64.ActiveCfg = Debug|Any CPU
		{6C7A1DD2-3CB0-4993-921F-6DEF010449F7}.Debug|x64.Build.0 = Debug|Any CPU
		{6C7A1DD2-3CB0-4993-921F-6DEF010449F7}.Debug|x86.ActiveCfg = Debug|Any CPU
		{6C7A1DD2-3CB0-4993-921F-6DEF010449F7}.Debug|x86.Build.0 = Debug|Any CPU
		{6C7A1DD2-3CB0-4993-921F-6DEF010449F7}.Release|Any CPU.ActiveCfg = Release|Any CPU
		{6C7A1DD2-3CB0-4993-921F-6DEF010449F7}.Release|Any CPU.Build.0 = Release|Any CPU
		{6C7A1DD2-3CB0-4993-921F-6DEF010449F7}.Release|x64.ActiveCfg = Release|Any CPU
		{6C7A1DD2-3CB0-4993-921F-6DEF010449F7}.Release|x64.Build.0 = Release|Any CPU
		{6C7A1DD2-3CB0-4993-921F-6DEF010449F7}.Release|x86.ActiveCfg = Release|Any CPU
		{6C7A1DD2-3CB0-4993-921F-6DEF010449F7}.Release|x86.Build.0 = Release|Any CPU
		{A7E5AE3E-099B-41F9-BDE2-E950F21E47D7}.Debug|Any CPU.ActiveCfg = Debug|Any CPU
		{A7E5AE3E-099B-41F9-BDE2-E950F21E47D7}.Debug|Any CPU.Build.0 = Debug|Any CPU
		{A7E5AE3E-099B-41F9-BDE2-E950F21E47D7}.Debug|x64.ActiveCfg = Debug|Any CPU
		{A7E5AE3E-099B-41F9-BDE2-E950F21E47D7}.Debug|x64.Build.0 = Debug|Any CPU
		{A7E5AE3E-099B-41F9-BDE2-E950F21E47D7}.Debug|x86.ActiveCfg = Debug|Any CPU
		{A7E5AE3E-099B-41F9-BDE2-E950F21E47D7}.Debug|x86.Build.0 = Debug|Any CPU
		{A7E5AE3E-099B-41F9-BDE2-E950F21E47D7}.Release|Any CPU.ActiveCfg = Release|Any CPU
		{A7E5AE3E-099B-41F9-BDE2-E950F21E47D7}.Release|Any CPU.Build.0 = Release|Any CPU
		{A7E5AE3E-099B-41F9-BDE2-E950F21E47D7}.Release|x64.ActiveCfg = Release|Any CPU
		{A7E5AE3E-099B-41F9-BDE2-E950F21E47D7}.Release|x64.Build.0 = Release|Any CPU
		{A7E5AE3E-099B-41F9-BDE2-E950F21E47D7}.Release|x86.ActiveCfg = Release|Any CPU
		{A7E5AE3E-099B-41F9-BDE2-E950F21E47D7}.Release|x86.Build.0 = Release|Any CPU
	EndGlobalSection
	GlobalSection(SolutionProperties) = preSolution
		HideSolutionNode = FALSE
	EndGlobalSection
	GlobalSection(NestedProjects) = preSolution
		{BEA5BD70-DAC3-470A-BDEC-FBFA3A18ABB3} = {827E0CD3-B72D-47B6-A68D-7590B98EB39B}
		{76145360-1F8E-4D66-8FFE-FB95993091B5} = {827E0CD3-B72D-47B6-A68D-7590B98EB39B}
		{CBC96266-6A70-4CE1-81E8-A323128DECD7} = {827E0CD3-B72D-47B6-A68D-7590B98EB39B}
		{9D593AA5-B83C-4B5B-B4F7-5674009F9A99} = {827E0CD3-B72D-47B6-A68D-7590B98EB39B}
		{6C7A1DD2-3CB0-4993-921F-6DEF010449F7} = {0AB3BF05-4346-4AA6-1389-037BE0695223}
		{A7E5AE3E-099B-41F9-BDE2-E950F21E47D7} = {0AB3BF05-4346-4AA6-1389-037BE0695223}
	EndGlobalSection
EndGlobal
